
Microsoft Visual Studio Solution File, Format Version 12.00
# Visual Studio Version 16
VisualStudioVersion = 16.0.32106.194
MinimumVisualStudioVersion = 10.0.40219.1
Project("{FAE04EC0-301F-11D3-BF4B-00C04F79EFBC}") = "dfgijklWebApp", "dfgijklWebApp.csproj", "{3B11FBD2-221C-4678-958C-7EB09E784036}"
EndProject
Global
	GlobalSection(SolutionConfigurationPlatforms) = preSolution
		Debug|Any CPU = Debug|Any CPU
		Release|Any CPU = Release|Any CPU
	EndGlobalSection
	GlobalSection(ProjectConfigurationPlatforms) = postSolution
		{3B11FBD2-221C-4678-958C-7EB09E784036}.Debug|Any CPU.ActiveCfg = Debug|Any CPU
		{3B11FBD2-221C-4678-958C-7EB09E784036}.Debug|Any CPU.Build.0 = Debug|Any CPU
		{3B11FBD2-221C-4678-958C-7EB09E784036}.Release|Any CPU.ActiveCfg = Release|Any CPU
		{3B11FBD2-221C-4678-958C-7EB09E784036}.Release|Any CPU.Build.0 = Release|Any CPU
	EndGlobalSection
	GlobalSection(SolutionProperties) = preSolution
		HideSolutionNode = FALSE
	EndGlobalSection
	GlobalSection(ExtensibilityGlobals) = postSolution
		SolutionGuid = {43A8B148-F0E8-4F22-9A6F-5EC4CE8F4BC5}
	EndGlobalSection
EndGlobal
